// !$*UTF8*$!
{
	archiveVersion = 1;
	classes = {
	};
	objectVersion = 46;
	objects = {

/* Begin PBXBuildFile section */
		05316E501E20732300AC3325 /* AppDelegate.swift in Sources */ = {isa = PBXBuildFile; fileRef = 05316E4F1E20732300AC3325 /* AppDelegate.swift */; };
		05316E521E20732300AC3325 /* MemeEditorViewController.swift in Sources */ = {isa = PBXBuildFile; fileRef = 05316E511E20732300AC3325 /* MemeEditorViewController.swift */; };
		05316E551E20732300AC3325 /* Main.storyboard in Resources */ = {isa = PBXBuildFile; fileRef = 05316E531E20732300AC3325 /* Main.storyboard */; };
		05316E571E20732300AC3325 /* Assets.xcassets in Resources */ = {isa = PBXBuildFile; fileRef = 05316E561E20732300AC3325 /* Assets.xcassets */; };
		05316E5A1E20732300AC3325 /* LaunchScreen.storyboard in Resources */ = {isa = PBXBuildFile; fileRef = 05316E581E20732300AC3325 /* LaunchScreen.storyboard */; };
		05316E7E1E21533500AC3325 /* Meme.swift in Sources */ = {isa = PBXBuildFile; fileRef = 05316E7D1E21533500AC3325 /* Meme.swift */; };
		0582DD9E1E3556E7001EC7A2 /* MemeCollectionViewCell.swift in Sources */ = {isa = PBXBuildFile; fileRef = 0582DD9D1E3556E7001EC7A2 /* MemeCollectionViewCell.swift */; };
		058F81D81E3506CC00228E97 /* impact.ttf in Resources */ = {isa = PBXBuildFile; fileRef = 058F81D51E3506CC00228E97 /* impact.ttf */; };
		058F81D91E3506CC00228E97 /* Impacted.ttf in Resources */ = {isa = PBXBuildFile; fileRef = 058F81D61E3506CC00228E97 /* Impacted.ttf */; };
		058F81DA1E3506CC00228E97 /* unicode.impact.ttf in Resources */ = {isa = PBXBuildFile; fileRef = 058F81D71E3506CC00228E97 /* unicode.impact.ttf */; };
		059F1BF81E36350E00D1AC59 /* MemeTableViewController.swift in Sources */ = {isa = PBXBuildFile; fileRef = 059F1BF61E36350E00D1AC59 /* MemeTableViewController.swift */; };
		059F1BF91E36350E00D1AC59 /* MemeCollectionViewController.swift in Sources */ = {isa = PBXBuildFile; fileRef = 059F1BF71E36350E00D1AC59 /* MemeCollectionViewController.swift */; };
		059F1BFB1E369F2500D1AC59 /* MemeDetailViewController.swift in Sources */ = {isa = PBXBuildFile; fileRef = 059F1BFA1E369F2500D1AC59 /* MemeDetailViewController.swift */; };
		05CDE9CF1E34359D00E22B99 /* SettingsView.swift in Sources */ = {isa = PBXBuildFile; fileRef = 05CDE9CE1E34359D00E22B99 /* SettingsView.swift */; };
		05CDE9D11E3435CD00E22B99 /* SettingsView.xib in Resources */ = {isa = PBXBuildFile; fileRef = 05CDE9D01E3435CD00E22B99 /* SettingsView.xib */; };
		05CDE9D31E3458B500E22B99 /* AppTheme.swift in Sources */ = {isa = PBXBuildFile; fileRef = 05CDE9D21E3458B400E22B99 /* AppTheme.swift */; };
/* End PBXBuildFile section */

/* Begin PBXContainerItemProxy section */
		05316E611E20732300AC3325 /* PBXContainerItemProxy */ = {
			isa = PBXContainerItemProxy;
			containerPortal = 05316E441E20732300AC3325 /* Project object */;
			proxyType = 1;
			remoteGlobalIDString = 05316E4B1E20732300AC3325;
			remoteInfo = MemeMe;
		};
		05316E6C1E20732300AC3325 /* PBXContainerItemProxy */ = {
			isa = PBXContainerItemProxy;
			containerPortal = 05316E441E20732300AC3325 /* Project object */;
			proxyType = 1;
			remoteGlobalIDString = 05316E4B1E20732300AC3325;
			remoteInfo = MemeMe;
		};
/* End PBXContainerItemProxy section */

/* Begin PBXFileReference section */
		05316E4C1E20732300AC3325 /* MemeMe.app */ = {isa = PBXFileReference; explicitFileType = wrapper.application; includeInIndex = 0; path = MemeMe.app; sourceTree = BUILT_PRODUCTS_DIR; };
		05316E4F1E20732300AC3325 /* AppDelegate.swift */ = {isa = PBXFileReference; lastKnownFileType = sourcecode.swift; path = AppDelegate.swift; sourceTree = "<group>"; };
		05316E511E20732300AC3325 /* MemeEditorViewController.swift */ = {isa = PBXFileReference; lastKnownFileType = sourcecode.swift; path = MemeEditorViewController.swift; sourceTree = "<group>"; };
		05316E541E20732300AC3325 /* Base */ = {isa = PBXFileReference; lastKnownFileType = file.storyboard; name = Base; path = Base.lproj/Main.storyboard; sourceTree = "<group>"; };
		05316E561E20732300AC3325 /* Assets.xcassets */ = {isa = PBXFileReference; lastKnownFileType = folder.assetcatalog; path = Assets.xcassets; sourceTree = "<group>"; };
		05316E591E20732300AC3325 /* Base */ = {isa = PBXFileReference; lastKnownFileType = file.storyboard; name = Base; path = Base.lproj/LaunchScreen.storyboard; sourceTree = "<group>"; };
		05316E5B1E20732300AC3325 /* Info.plist */ = {isa = PBXFileReference; lastKnownFileType = text.plist.xml; path = Info.plist; sourceTree = "<group>"; };
		05316E601E20732300AC3325 /* MemeMeTests.xctest */ = {isa = PBXFileReference; explicitFileType = wrapper.cfbundle; includeInIndex = 0; path = MemeMeTests.xctest; sourceTree = BUILT_PRODUCTS_DIR; };
		05316E6B1E20732300AC3325 /* MemeMeUITests.xctest */ = {isa = PBXFileReference; explicitFileType = wrapper.cfbundle; includeInIndex = 0; path = MemeMeUITests.xctest; sourceTree = BUILT_PRODUCTS_DIR; };
		05316E7D1E21533500AC3325 /* Meme.swift */ = {isa = PBXFileReference; fileEncoding = 4; lastKnownFileType = sourcecode.swift; path = Meme.swift; sourceTree = "<group>"; };
		0582DD9D1E3556E7001EC7A2 /* MemeCollectionViewCell.swift */ = {isa = PBXFileReference; fileEncoding = 4; lastKnownFileType = sourcecode.swift; path = MemeCollectionViewCell.swift; sourceTree = "<group>"; };
		058F81D51E3506CC00228E97 /* impact.ttf */ = {isa = PBXFileReference; lastKnownFileType = file; name = impact.ttf; path = Resources/impact.ttf; sourceTree = SOURCE_ROOT; };
		058F81D61E3506CC00228E97 /* Impacted.ttf */ = {isa = PBXFileReference; lastKnownFileType = file; name = Impacted.ttf; path = Resources/Impacted.ttf; sourceTree = SOURCE_ROOT; };
		058F81D71E3506CC00228E97 /* unicode.impact.ttf */ = {isa = PBXFileReference; lastKnownFileType = file; name = unicode.impact.ttf; path = Resources/unicode.impact.ttf; sourceTree = SOURCE_ROOT; };
		059F1BF61E36350E00D1AC59 /* MemeTableViewController.swift */ = {isa = PBXFileReference; fileEncoding = 4; lastKnownFileType = sourcecode.swift; path = MemeTableViewController.swift; sourceTree = "<group>"; };
		059F1BF71E36350E00D1AC59 /* MemeCollectionViewController.swift */ = {isa = PBXFileReference; fileEncoding = 4; lastKnownFileType = sourcecode.swift; path = MemeCollectionViewController.swift; sourceTree = "<group>"; };
		059F1BFA1E369F2500D1AC59 /* MemeDetailViewController.swift */ = {isa = PBXFileReference; fileEncoding = 4; lastKnownFileType = sourcecode.swift; path = MemeDetailViewController.swift; sourceTree = "<group>"; };
		05CDE9CE1E34359D00E22B99 /* SettingsView.swift */ = {isa = PBXFileReference; fileEncoding = 4; lastKnownFileType = sourcecode.swift; path = SettingsView.swift; sourceTree = "<group>"; };
		05CDE9D01E3435CD00E22B99 /* SettingsView.xib */ = {isa = PBXFileReference; fileEncoding = 4; lastKnownFileType = file.xib; path = SettingsView.xib; sourceTree = "<group>"; };
		05CDE9D21E3458B400E22B99 /* AppTheme.swift */ = {isa = PBXFileReference; fileEncoding = 4; lastKnownFileType = sourcecode.swift; path = AppTheme.swift; sourceTree = "<group>"; };
/* End PBXFileReference section */

/* Begin PBXFrameworksBuildPhase section */
		05316E491E20732300AC3325 /* Frameworks */ = {
			isa = PBXFrameworksBuildPhase;
			buildActionMask = 2147483647;
			files = (
			);
			runOnlyForDeploymentPostprocessing = 0;
		};
		05316E5D1E20732300AC3325 /* Frameworks */ = {
			isa = PBXFrameworksBuildPhase;
			buildActionMask = 2147483647;
			files = (
			);
			runOnlyForDeploymentPostprocessing = 0;
		};
		05316E681E20732300AC3325 /* Frameworks */ = {
			isa = PBXFrameworksBuildPhase;
			buildActionMask = 2147483647;
			files = (
			);
			runOnlyForDeploymentPostprocessing = 0;
		};
/* End PBXFrameworksBuildPhase section */

/* Begin PBXGroup section */
		05316E431E20732300AC3325 = {
			isa = PBXGroup;
			children = (
				05316E4E1E20732300AC3325 /* MemeMe */,
				05316E4D1E20732300AC3325 /* Products */,
			);
			sourceTree = "<group>";
		};
		05316E4D1E20732300AC3325 /* Products */ = {
			isa = PBXGroup;
			children = (
				05316E4C1E20732300AC3325 /* MemeMe.app */,
				05316E601E20732300AC3325 /* MemeMeTests.xctest */,
				05316E6B1E20732300AC3325 /* MemeMeUITests.xctest */,
			);
			name = Products;
			sourceTree = "<group>";
		};
		05316E4E1E20732300AC3325 /* MemeMe */ = {
			isa = PBXGroup;
			children = (
				05316E4F1E20732300AC3325 /* AppDelegate.swift */,
				05CDE9CA1E342E4900E22B99 /* Model */,
				05CDE9CB1E342E5800E22B99 /* View */,
				05CDE9CC1E342E5E00E22B99 /* Controller */,
				05CDE9CD1E342E7400E22B99 /* Assets */,
				05316E5B1E20732300AC3325 /* Info.plist */,
			);
			path = MemeMe;
			sourceTree = "<group>";
		};
		05CDE9CA1E342E4900E22B99 /* Model */ = {
			isa = PBXGroup;
			children = (
				05316E7D1E21533500AC3325 /* Meme.swift */,
				05CDE9D21E3458B400E22B99 /* AppTheme.swift */,
			);
			name = Model;
			sourceTree = "<group>";
		};
		05CDE9CB1E342E5800E22B99 /* View */ = {
			isa = PBXGroup;
			children = (
				05CDE9CE1E34359D00E22B99 /* SettingsView.swift */,
				0582DD9D1E3556E7001EC7A2 /* MemeCollectionViewCell.swift */,
			);
			name = View;
			sourceTree = "<group>";
		};
		05CDE9CC1E342E5E00E22B99 /* Controller */ = {
			isa = PBXGroup;
			children = (
				059F1BF61E36350E00D1AC59 /* MemeTableViewController.swift */,
				059F1BF71E36350E00D1AC59 /* MemeCollectionViewController.swift */,
				05316E511E20732300AC3325 /* MemeEditorViewController.swift */,
				059F1BFA1E369F2500D1AC59 /* MemeDetailViewController.swift */,
			);
			name = Controller;
			sourceTree = "<group>";
		};
		05CDE9CD1E342E7400E22B99 /* Assets */ = {
			isa = PBXGroup;
			children = (
				05CDE9D41E34FB7500E22B99 /* Impact Font */,
				05316E531E20732300AC3325 /* Main.storyboard */,
				05CDE9D01E3435CD00E22B99 /* SettingsView.xib */,
				05316E561E20732300AC3325 /* Assets.xcassets */,
				05316E581E20732300AC3325 /* LaunchScreen.storyboard */,
			);
			name = Assets;
			sourceTree = "<group>";
		};
		05CDE9D41E34FB7500E22B99 /* Impact Font */ = {
			isa = PBXGroup;
			children = (
				058F81D51E3506CC00228E97 /* impact.ttf */,
				058F81D61E3506CC00228E97 /* Impacted.ttf */,
				058F81D71E3506CC00228E97 /* unicode.impact.ttf */,
			);
			name = "Impact Font";
			sourceTree = "<group>";
		};
/* End PBXGroup section */

/* Begin PBXNativeTarget section */
		05316E4B1E20732300AC3325 /* MemeMe */ = {
			isa = PBXNativeTarget;
			buildConfigurationList = 05316E741E20732300AC3325 /* Build configuration list for PBXNativeTarget "MemeMe" */;
			buildPhases = (
				05316E481E20732300AC3325 /* Sources */,
				05316E491E20732300AC3325 /* Frameworks */,
				05316E4A1E20732300AC3325 /* Resources */,
			);
			buildRules = (
			);
			dependencies = (
			);
			name = MemeMe;
			productName = MemeMe;
			productReference = 05316E4C1E20732300AC3325 /* MemeMe.app */;
			productType = "com.apple.product-type.application";
		};
		05316E5F1E20732300AC3325 /* MemeMeTests */ = {
			isa = PBXNativeTarget;
			buildConfigurationList = 05316E771E20732300AC3325 /* Build configuration list for PBXNativeTarget "MemeMeTests" */;
			buildPhases = (
				05316E5C1E20732300AC3325 /* Sources */,
				05316E5D1E20732300AC3325 /* Frameworks */,
				05316E5E1E20732300AC3325 /* Resources */,
			);
			buildRules = (
			);
			dependencies = (
				05316E621E20732300AC3325 /* PBXTargetDependency */,
			);
			name = MemeMeTests;
			productName = MemeMeTests;
			productReference = 05316E601E20732300AC3325 /* MemeMeTests.xctest */;
			productType = "com.apple.product-type.bundle.unit-test";
		};
		05316E6A1E20732300AC3325 /* MemeMeUITests */ = {
			isa = PBXNativeTarget;
			buildConfigurationList = 05316E7A1E20732300AC3325 /* Build configuration list for PBXNativeTarget "MemeMeUITests" */;
			buildPhases = (
				05316E671E20732300AC3325 /* Sources */,
				05316E681E20732300AC3325 /* Frameworks */,
				05316E691E20732300AC3325 /* Resources */,
			);
			buildRules = (
			);
			dependencies = (
				05316E6D1E20732300AC3325 /* PBXTargetDependency */,
			);
			name = MemeMeUITests;
			productName = MemeMeUITests;
			productReference = 05316E6B1E20732300AC3325 /* MemeMeUITests.xctest */;
			productType = "com.apple.product-type.bundle.ui-testing";
		};
/* End PBXNativeTarget section */

/* Begin PBXProject section */
		05316E441E20732300AC3325 /* Project object */ = {
			isa = PBXProject;
			attributes = {
				LastSwiftUpdateCheck = 0820;
				LastUpgradeCheck = 0820;
				ORGANIZATIONNAME = Morfe;
				TargetAttributes = {
					05316E4B1E20732300AC3325 = {
						CreatedOnToolsVersion = 8.2.1;
						DevelopmentTeam = 7437KDZF8Q;
						ProvisioningStyle = Automatic;
					};
					05316E5F1E20732300AC3325 = {
						CreatedOnToolsVersion = 8.2.1;
						DevelopmentTeam = 7437KDZF8Q;
						ProvisioningStyle = Automatic;
						TestTargetID = 05316E4B1E20732300AC3325;
					};
					05316E6A1E20732300AC3325 = {
						CreatedOnToolsVersion = 8.2.1;
						DevelopmentTeam = 7437KDZF8Q;
						ProvisioningStyle = Automatic;
						TestTargetID = 05316E4B1E20732300AC3325;
					};
				};
			};
			buildConfigurationList = 05316E471E20732300AC3325 /* Build configuration list for PBXProject "MemeMe" */;
			compatibilityVersion = "Xcode 3.2";
			developmentRegion = English;
			hasScannedForEncodings = 0;
			knownRegions = (
				en,
				Base,
			);
			mainGroup = 05316E431E20732300AC3325;
			productRefGroup = 05316E4D1E20732300AC3325 /* Products */;
			projectDirPath = "";
			projectRoot = "";
			targets = (
				05316E4B1E20732300AC3325 /* MemeMe */,
				05316E5F1E20732300AC3325 /* MemeMeTests */,
				05316E6A1E20732300AC3325 /* MemeMeUITests */,
			);
		};
/* End PBXProject section */

/* Begin PBXResourcesBuildPhase section */
		05316E4A1E20732300AC3325 /* Resources */ = {
			isa = PBXResourcesBuildPhase;
			buildActionMask = 2147483647;
			files = (
				058F81D81E3506CC00228E97 /* impact.ttf in Resources */,
				058F81DA1E3506CC00228E97 /* unicode.impact.ttf in Resources */,
				058F81D91E3506CC00228E97 /* Impacted.ttf in Resources */,
				05CDE9D11E3435CD00E22B99 /* SettingsView.xib in Resources */,
				05316E5A1E20732300AC3325 /* LaunchScreen.storyboard in Resources */,
				05316E571E20732300AC3325 /* Assets.xcassets in Resources */,
				05316E551E20732300AC3325 /* Main.storyboard in Resources */,
			);
			runOnlyForDeploymentPostprocessing = 0;
		};
		05316E5E1E20732300AC3325 /* Resources */ = {
			isa = PBXResourcesBuildPhase;
			buildActionMask = 2147483647;
			files = (
			);
			runOnlyForDeploymentPostprocessing = 0;
		};
		05316E691E20732300AC3325 /* Resources */ = {
			isa = PBXResourcesBuildPhase;
			buildActionMask = 2147483647;
			files = (
			);
			runOnlyForDeploymentPostprocessing = 0;
		};
/* End PBXResourcesBuildPhase section */

/* Begin PBXSourcesBuildPhase section */
		05316E481E20732300AC3325 /* Sources */ = {
			isa = PBXSourcesBuildPhase;
			buildActionMask = 2147483647;
			files = (
				059F1BFB1E369F2500D1AC59 /* MemeDetailViewController.swift in Sources */,
				05316E7E1E21533500AC3325 /* Meme.swift in Sources */,
				059F1BF81E36350E00D1AC59 /* MemeTableViewController.swift in Sources */,
				0582DD9E1E3556E7001EC7A2 /* MemeCollectionViewCell.swift in Sources */,
				05CDE9CF1E34359D00E22B99 /* SettingsView.swift in Sources */,
				059F1BF91E36350E00D1AC59 /* MemeCollectionViewController.swift in Sources */,
				05316E521E20732300AC3325 /* MemeEditorViewController.swift in Sources */,
				05316E501E20732300AC3325 /* AppDelegate.swift in Sources */,
				05CDE9D31E3458B500E22B99 /* AppTheme.swift in Sources */,
			);
			runOnlyForDeploymentPostprocessing = 0;
		};
		05316E5C1E20732300AC3325 /* Sources */ = {
			isa = PBXSourcesBuildPhase;
			buildActionMask = 2147483647;
			files = (
			);
			runOnlyForDeploymentPostprocessing = 0;
		};
		05316E671E20732300AC3325 /* Sources */ = {
			isa = PBXSourcesBuildPhase;
			buildActionMask = 2147483647;
			files = (
			);
			runOnlyForDeploymentPostprocessing = 0;
		};
/* End PBXSourcesBuildPhase section */

/* Begin PBXTargetDependency section */
		05316E621E20732300AC3325 /* PBXTargetDependency */ = {
			isa = PBXTargetDependency;
			target = 05316E4B1E20732300AC3325 /* MemeMe */;
			targetProxy = 05316E611E20732300AC3325 /* PBXContainerItemProxy */;
		};
		05316E6D1E20732300AC3325 /* PBXTargetDependency */ = {
			isa = PBXTargetDependency;
			target = 05316E4B1E20732300AC3325 /* MemeMe */;
			targetProxy = 05316E6C1E20732300AC3325 /* PBXContainerItemProxy */;
		};
/* End PBXTargetDependency section */

/* Begin PBXVariantGroup section */
		05316E531E20732300AC3325 /* Main.storyboard */ = {
			isa = PBXVariantGroup;
			children = (
				05316E541E20732300AC3325 /* Base */,
			);
			name = Main.storyboard;
			sourceTree = "<group>";
		};
		05316E581E20732300AC3325 /* LaunchScreen.storyboard */ = {
			isa = PBXVariantGroup;
			children = (
				05316E591E20732300AC3325 /* Base */,
			);
			name = LaunchScreen.storyboard;
			sourceTree = "<group>";
		};
/* End PBXVariantGroup section */

/* Begin XCBuildConfiguration section */
		05316E721E20732300AC3325 /* Debug */ = {
			isa = XCBuildConfiguration;
			buildSettings = {
				ALWAYS_SEARCH_USER_PATHS = NO;
				CLANG_ANALYZER_NONNULL = YES;
				CLANG_CXX_LANGUAGE_STANDARD = "gnu++0x";
				CLANG_CXX_LIBRARY = "libc++";
				CLANG_ENABLE_MODULES = YES;
				CLANG_ENABLE_OBJC_ARC = YES;
				CLANG_WARN_BOOL_CONVERSION = YES;
				CLANG_WARN_CONSTANT_CONVERSION = YES;
				CLANG_WARN_DIRECT_OBJC_ISA_USAGE = YES_ERROR;
				CLANG_WARN_DOCUMENTATION_COMMENTS = YES;
				CLANG_WARN_EMPTY_BODY = YES;
				CLANG_WARN_ENUM_CONVERSION = YES;
				CLANG_WARN_INFINITE_RECURSION = YES;
				CLANG_WARN_INT_CONVERSION = YES;
				CLANG_WARN_OBJC_ROOT_CLASS = YES_ERROR;
				CLANG_WARN_SUSPICIOUS_MOVE = YES;
				CLANG_WARN_UNREACHABLE_CODE = YES;
				CLANG_WARN__DUPLICATE_METHOD_MATCH = YES;
				"CODE_SIGN_IDENTITY[sdk=iphoneos*]" = "iPhone Developer";
				COPY_PHASE_STRIP = NO;
				DEBUG_INFORMATION_FORMAT = dwarf;
				ENABLE_STRICT_OBJC_MSGSEND = YES;
				ENABLE_TESTABILITY = YES;
				GCC_C_LANGUAGE_STANDARD = gnu99;
				GCC_DYNAMIC_NO_PIC = NO;
				GCC_NO_COMMON_BLOCKS = YES;
				GCC_OPTIMIZATION_LEVEL = 0;
				GCC_PREPROCESSOR_DEFINITIONS = (
					"DEBUG=1",
					"$(inherited)",
				);
				GCC_WARN_64_TO_32_BIT_CONVERSION = YES;
				GCC_WARN_ABOUT_RETURN_TYPE = YES_ERROR;
				GCC_WARN_UNDECLARED_SELECTOR = YES;
				GCC_WARN_UNINITIALIZED_AUTOS = YES_AGGRESSIVE;
				GCC_WARN_UNUSED_FUNCTION = YES;
				GCC_WARN_UNUSED_VARIABLE = YES;
				IPHONEOS_DEPLOYMENT_TARGET = 10.2;
				MTL_ENABLE_DEBUG_INFO = YES;
				ONLY_ACTIVE_ARCH = YES;
				SDKROOT = iphoneos;
				SWIFT_ACTIVE_COMPILATION_CONDITIONS = DEBUG;
				SWIFT_OPTIMIZATION_LEVEL = "-Onone";
			};
			name = Debug;
		};
		05316E731E20732300AC3325 /* Release */ = {
			isa = XCBuildConfiguration;
			buildSettings = {
				ALWAYS_SEARCH_USER_PATHS = NO;
				CLANG_ANALYZER_NONNULL = YES;
				CLANG_CXX_LANGUAGE_STANDARD = "gnu++0x";
				CLANG_CXX_LIBRARY = "libc++";
				CLANG_ENABLE_MODULES = YES;
				CLANG_ENABLE_OBJC_ARC = YES;
				CLANG_WARN_BOOL_CONVERSION = YES;
				CLANG_WARN_CONSTANT_CONVERSION = YES;
				CLANG_WARN_DIRECT_OBJC_ISA_USAGE = YES_ERROR;
				CLANG_WARN_DOCUMENTATION_COMMENTS = YES;
				CLANG_WARN_EMPTY_BODY = YES;
				CLANG_WARN_ENUM_CONVERSION = YES;
				CLANG_WARN_INFINITE_RECURSION = YES;
				CLANG_WARN_INT_CONVERSION = YES;
				CLANG_WARN_OBJC_ROOT_CLASS = YES_ERROR;
				CLANG_WARN_SUSPICIOUS_MOVE = YES;
				CLANG_WARN_UNREACHABLE_CODE = YES;
				CLANG_WARN__DUPLICATE_METHOD_MATCH = YES;
				"CODE_SIGN_IDENTITY[sdk=iphoneos*]" = "iPhone Developer";
				COPY_PHASE_STRIP = NO;
				DEBUG_INFORMATION_FORMAT = "dwarf-with-dsym";
				ENABLE_NS_ASSERTIONS = NO;
				ENABLE_STRICT_OBJC_MSGSEND = YES;
				GCC_C_LANGUAGE_STANDARD = gnu99;
				GCC_NO_COMMON_BLOCKS = YES;
				GCC_WARN_64_TO_32_BIT_CONVERSION = YES;
				GCC_WARN_ABOUT_RETURN_TYPE = YES_ERROR;
				GCC_WARN_UNDECLARED_SELECTOR = YES;
				GCC_WARN_UNINITIALIZED_AUTOS = YES_AGGRESSIVE;
				GCC_WARN_UNUSED_FUNCTION = YES;
				GCC_WARN_UNUSED_VARIABLE = YES;
				IPHONEOS_DEPLOYMENT_TARGET = 10.2;
				MTL_ENABLE_DEBUG_INFO = NO;
				SDKROOT = iphoneos;
				SWIFT_OPTIMIZATION_LEVEL = "-Owholemodule";
				VALIDATE_PRODUCT = YES;
			};
			name = Release;
		};
		05316E751E20732300AC3325 /* Debug */ = {
			isa = XCBuildConfiguration;
			buildSettings = {
				ASSETCATALOG_COMPILER_APPICON_NAME = AppIcon;
				DEVELOPMENT_TEAM = 7437KDZF8Q;
				INFOPLIST_FILE = MemeMe/Info.plist;
				LD_RUNPATH_SEARCH_PATHS = "$(inherited) @executable_path/Frameworks";
				PRODUCT_BUNDLE_IDENTIFIER = morfe.MemeMe;
				PRODUCT_NAME = "$(TARGET_NAME)";
				SWIFT_VERSION = 3.0;
			};
			name = Debug;
		};
		05316E761E20732300AC3325 /* Release */ = {
			isa = XCBuildConfiguration;
			buildSettings = {
				ASSETCATALOG_COMPILER_APPICON_NAME = AppIcon;
				DEVELOPMENT_TEAM = 7437KDZF8Q;
				INFOPLIST_FILE = MemeMe/Info.plist;
				LD_RUNPATH_SEARCH_PATHS = "$(inherited) @executable_path/Frameworks";
				PRODUCT_BUNDLE_IDENTIFIER = morfe.MemeMe;
				PRODUCT_NAME = "$(TARGET_NAME)";
				SWIFT_VERSION = 3.0;
			};
			name = Release;
		};
		05316E781E20732300AC3325 /* Debug */ = {
			isa = XCBuildConfiguration;
			buildSettings = {
				ALWAYS_EMBED_SWIFT_STANDARD_LIBRARIES = YES;
				BUNDLE_LOADER = "$(TEST_HOST)";
				DEVELOPMENT_TEAM = 7437KDZF8Q;
				INFOPLIST_FILE = MemeMeTests/Info.plist;
				LD_RUNPATH_SEARCH_PATHS = "$(inherited) @executable_path/Frameworks @loader_path/Frameworks";
				PRODUCT_BUNDLE_IDENTIFIER = morfe.MemeMeTests;
				PRODUCT_NAME = "$(TARGET_NAME)";
				SWIFT_VERSION = 3.0;
				TEST_HOST = "$(BUILT_PRODUCTS_DIR)/MemeMe.app/MemeMe";
			};
			name = Debug;
		};
		05316E791E20732300AC3325 /* Release */ = {
			isa = XCBuildConfiguration;
			buildSettings = {
				ALWAYS_EMBED_SWIFT_STANDARD_LIBRARIES = YES;
				BUNDLE_LOADER = "$(TEST_HOST)";
				DEVELOPMENT_TEAM = 7437KDZF8Q;
				INFOPLIST_FILE = MemeMeTests/Info.plist;
				LD_RUNPATH_SEARCH_PATHS = "$(inherited) @executable_path/Frameworks @loader_path/Frameworks";
				PRODUCT_BUNDLE_IDENTIFIER = morfe.MemeMeTests;
				PRODUCT_NAME = "$(TARGET_NAME)";
				SWIFT_VERSION = 3.0;
				TEST_HOST = "$(BUILT_PRODUCTS_DIR)/MemeMe.app/MemeMe";
			};
			name = Release;
		};
		05316E7B1E20732300AC3325 /* Debug */ = {
			isa = XCBuildConfiguration;
			buildSettings = {
				ALWAYS_EMBED_SWIFT_STANDARD_LIBRARIES = YES;
				DEVELOPMENT_TEAM = 7437KDZF8Q;
				INFOPLIST_FILE = MemeMeUITests/Info.plist;
				LD_RUNPATH_SEARCH_PATHS = "$(inherited) @executable_path/Frameworks @loader_path/Frameworks";
				PRODUCT_BUNDLE_IDENTIFIER = morfe.MemeMeUITests;
				PRODUCT_NAME = "$(TARGET_NAME)";
				SWIFT_VERSION = 3.0;
				TEST_TARGET_NAME = MemeMe;
			};
			name = Debug;
		};
		05316E7C1E20732300AC3325 /* Release */ = {
			isa = XCBuildConfiguration;
			buildSettings = {
				ALWAYS_EMBED_SWIFT_STANDARD_LIBRARIES = YES;
				DEVELOPMENT_TEAM = 7437KDZF8Q;
				INFOPLIST_FILE = MemeMeUITests/Info.plist;
				LD_RUNPATH_SEARCH_PATHS = "$(inherited) @executable_path/Frameworks @loader_path/Frameworks";
				PRODUCT_BUNDLE_IDENTIFIER = morfe.MemeMeUITests;
				PRODUCT_NAME = "$(TARGET_NAME)";
				SWIFT_VERSION = 3.0;
				TEST_TARGET_NAME = MemeMe;
			};
			name = Release;
		};
/* End XCBuildConfiguration section */

/* Begin XCConfigurationList section */
		05316E471E20732300AC3325 /* Build configuration list for PBXProject "MemeMe" */ = {
			isa = XCConfigurationList;
			buildConfigurations = (
				05316E721E20732300AC3325 /* Debug */,
				05316E731E20732300AC3325 /* Release */,
			);
			defaultConfigurationIsVisible = 0;
			defaultConfigurationName = Release;
		};
		05316E741E20732300AC3325 /* Build configuration list for PBXNativeTarget "MemeMe" */ = {
			isa = XCConfigurationList;
			buildConfigurations = (
				05316E751E20732300AC3325 /* Debug */,
				05316E761E20732300AC3325 /* Release */,
			);
			defaultConfigurationIsVisible = 0;
			defaultConfigurationName = Release;
		};
		05316E771E20732300AC3325 /* Build configuration list for PBXNativeTarget "MemeMeTests" */ = {
			isa = XCConfigurationList;
			buildConfigurations = (
				05316E781E20732300AC3325 /* Debug */,
				05316E791E20732300AC3325 /* Release */,
			);
			defaultConfigurationIsVisible = 0;
			defaultConfigurationName = Release;
		};
		05316E7A1E20732300AC3325 /* Build configuration list for PBXNativeTarget "MemeMeUITests" */ = {
			isa = XCConfigurationList;
			buildConfigurations = (
				05316E7B1E20732300AC3325 /* Debug */,
				05316E7C1E20732300AC3325 /* Release */,
			);
			defaultConfigurationIsVisible = 0;
			defaultConfigurationName = Release;
		};
/* End XCConfigurationList section */
	};
	rootObject = 05316E441E20732300AC3325 /* Project object */;
}
